
Microsoft Visual Studio Solution File, Format Version 12.00
# Visual Studio Version 17
VisualStudioVersion = 17.13.35931.197
MinimumVisualStudioVersion = 10.0.40219.1
Project("{FAE04EC0-301F-11D3-BF4B-00C04F79EFBC}") = "FileReader.Models", "FileReader.Models\FileReader.Models.csproj", "{0183CB0D-13F3-C4AF-785D-69200A5DC23B}"
EndProject
Project("{2150E333-8FDC-42A3-9474-1A3956D46DE8}") = "src", "src", "{02EA681E-C7D8-13C7-8484-4AC65E1B71E8}"
EndProject
Project("{FAE04EC0-301F-11D3-BF4B-00C04F79EFBC}") = "FileReader.Forms", "FileReader.Forms\FileReader.Forms.csproj", "{683DAB30-D993-4F6E-ADF5-10D2FC4FBDAC}"
EndProject
Global
	GlobalSection(SolutionConfigurationPlatforms) = preSolution
		Debug|Any CPU = Debug|Any CPU
		Release|Any CPU = Release|Any CPU
	EndGlobalSection
	GlobalSection(ProjectConfigurationPlatforms) = postSolution
		{0183CB0D-13F3-C4AF-785D-69200A5DC23B}.Debug|Any CPU.ActiveCfg = Debug|Any CPU
		{0183CB0D-13F3-C4AF-785D-69200A5DC23B}.Debug|Any CPU.Build.0 = Debug|Any CPU
		{0183CB0D-13F3-C4AF-785D-69200A5DC23B}.Release|Any CPU.ActiveCfg = Release|Any CPU
		{0183CB0D-13F3-C4AF-785D-69200A5DC23B}.Release|Any CPU.Build.0 = Release|Any CPU
		{683DAB30-D993-4F6E-ADF5-10D2FC4FBDAC}.Debug|Any CPU.ActiveCfg = Debug|Any CPU
		{683DAB30-D993-4F6E-ADF5-10D2FC4FBDAC}.Debug|Any CPU.Build.0 = Debug|Any CPU
		{683DAB30-D993-4F6E-ADF5-10D2FC4FBDAC}.Release|Any CPU.ActiveCfg = Release|Any CPU
		{683DAB30-D993-4F6E-ADF5-10D2FC4FBDAC}.Release|Any CPU.Build.0 = Release|Any CPU
	EndGlobalSection
	GlobalSection(SolutionProperties) = preSolution
		HideSolutionNode = FALSE
	EndGlobalSection
	GlobalSection(NestedProjects) = preSolution
		{0183CB0D-13F3-C4AF-785D-69200A5DC23B} = {02EA681E-C7D8-13C7-8484-4AC65E1B71E8}
		{683DAB30-D993-4F6E-ADF5-10D2FC4FBDAC} = {02EA681E-C7D8-13C7-8484-4AC65E1B71E8}
	EndGlobalSection
	GlobalSection(ExtensibilityGlobals) = postSolution
		SolutionGuid = {D66357F6-8664-4AED-91DD-C0A65D00D854}
	EndGlobalSection
EndGlobal
